{
  "name": "lazy-orm-js",
  "version": "0.0.1",
  "lockfileVersion": 3,
  "requires": true,
  "packages": {
    "": {
      "name": "lazy-orm-js",
      "version": "0.0.1",
      "dependencies": {
        "@xan105/ffi": "^1.3.0",
        "koffi": "^2.11.0",
        "path": "^0.12.7"
      },
      "devDependencies": {
        "uvu": "^0.5.6"
      }
    },
    "node_modules/@xan105/error": {
      "version": "1.7.1",
      "resolved": "https://registry.npmjs.org/@xan105/error/-/error-1.7.1.tgz",
      "integrity": "sha512-FYIUYijbmg62L9QQ5BsR14DuZatAJJvwo10yzuEDEsu8L0FAa4DZivWFAf66nYjEiSz50SFGtMxWSyG+y/ZGGw==",
      "funding": [
        {
          "type": "github",
          "url": "https://github.com/sponsors/xan105"
        },
        {
          "type": "paypal",
          "url": "https://www.paypal.me/xan105"
        },
        {
          "type": "patreon",
          "url": "https://www.patreon.com/xan105"
        }
      ],
      "license": "MIT",
      "engines": {
        "node": ">=20.11.0"
      }
    },
    "node_modules/@xan105/ffi": {
      "version": "1.3.0",
      "resolved": "https://registry.npmjs.org/@xan105/ffi/-/ffi-1.3.0.tgz",
      "integrity": "sha512-BkawqB9haCJ8qkGY4nUOQBWA4ZzH/BDvwQ8YrQllq4n0PV52bJSVfCYQl3Rerjss7Ig9PPMMoW6ndo2nId1CIA==",
      "funding": [
        {
          "type": "github",
          "url": "https://github.com/sponsors/xan105"
        },
        {
          "type": "paypal",
          "url": "https://www.paypal.me/xan105"
        },
        {
          "type": "patreon",
          "url": "https://www.patreon.com/xan105"
        }
      ],
      "license": "MIT",
      "dependencies": {
        "@xan105/error": "^1.7.1",
        "@xan105/is": "^2.10.0"
      },
      "engines": {
        "node": ">=20.18.0"
      },
      "peerDependencies": {
        "ffi-napi": "^4.0.3",
        "koffi": "^2.9.1"
      },
      "peerDependenciesMeta": {
        "ffi-napi": {
          "optional": true
        },
        "koffi": {
          "optional": true
        }
      }
    },
    "node_modules/@xan105/is": {
      "version": "2.10.1",
      "resolved": "https://registry.npmjs.org/@xan105/is/-/is-2.10.1.tgz",
      "integrity": "sha512-FKgDE2tSyJwvf+zIeAsN/f8l94CYhhu5LtkLhv/gYX1i5DnfGdCys0N+mxxTb1qMhWPw+ekHGcwflv0x8ATPJQ==",
      "funding": [
        {
          "type": "github",
          "url": "https://github.com/sponsors/xan105"
        },
        {
          "type": "paypal",
          "url": "https://www.paypal.me/xan105"
        },
        {
          "type": "patreon",
          "url": "https://www.patreon.com/xan105"
        }
      ],
      "license": "MIT",
      "dependencies": {
        "@xan105/error": "^1.7.1"
      },
      "engines": {
        "node": ">=16.0.0"
      }
    },
    "node_modules/dequal": {
      "version": "2.0.3",
      "resolved": "https://registry.npmjs.org/dequal/-/dequal-2.0.3.tgz",
      "integrity": "sha512-0je+qPKHEMohvfRTCEo3CrPG6cAzAYgmzKyxRiYSSDkS6eGJdyVJm7WaYA5ECaAD9wLB2T4EEeymA5aFVcYXCA==",
      "dev": true,
      "license": "MIT",
      "engines": {
        "node": ">=6"
      }
    },
    "node_modules/diff": {
      "version": "5.2.0",
      "resolved": "https://registry.npmjs.org/diff/-/diff-5.2.0.tgz",
      "integrity": "sha512-uIFDxqpRZGZ6ThOk84hEfqWoHx2devRFvpTZcTHur85vImfaxUbTW9Ryh4CpCuDnToOP1CEtXKIgytHBPVff5A==",
      "dev": true,
      "license": "BSD-3-Clause",
      "engines": {
        "node": ">=0.3.1"
      }
    },
    "node_modules/inherits": {
      "version": "2.0.3",
      "resolved": "https://registry.npmjs.org/inherits/-/inherits-2.0.3.tgz",
      "integrity": "sha512-x00IRNXNy63jwGkJmzPigoySHbaqpNuzKbBOmzK+g2OdZpQ9w+sxCN+VSB3ja7IAge2OP2qpfxTjeNcyjmW1uw==",
      "license": "ISC"
    },
    "node_modules/koffi": {
      "version": "2.11.0",
      "resolved": "https://registry.npmjs.org/koffi/-/koffi-2.11.0.tgz",
      "integrity": "sha512-AJ6MHz9Z8OIftKu322jrKJFvy/rZTdCD4b7F457WrK71rxYV7O5PSdWsJDN0p3rY1BZaPeLHVwyt4i2Xyk8wJg==",
      "hasInstallScript": true,
      "license": "MIT"
    },
    "node_modules/mri": {
      "version": "1.2.0",
      "resolved": "https://registry.npmjs.org/mri/-/mri-1.2.0.tgz",
      "integrity": "sha512-tzzskb3bG8LvYGFF/mDTpq3jpI6Q9wc3LEmBaghu+DdCssd1FakN7Bc0hVNmEyGq1bq3RgfkCb3cmQLpNPOroA==",
      "dev": true,
      "license": "MIT",
      "engines": {
        "node": ">=4"
      }
    },
    "node_modules/path": {
      "version": "0.12.7",
      "resolved": "https://registry.npmjs.org/path/-/path-0.12.7.tgz",
      "integrity": "sha512-aXXC6s+1w7otVF9UletFkFcDsJeO7lSZBPUQhtb5O0xJe8LtYhj/GxldoL09bBj9+ZmE2hNoHqQSFMN5fikh4Q==",
      "license": "MIT",
      "dependencies": {
        "process": "^0.11.1",
        "util": "^0.10.3"
      }
    },
    "node_modules/process": {
      "version": "0.11.10",
      "resolved": "https://registry.npmjs.org/process/-/process-0.11.10.tgz",
      "integrity": "sha512-cdGef/drWFoydD1JsMzuFf8100nZl+GT+yacc2bEced5f9Rjk4z+WtFUTBu9PhOi9j/jfmBPu0mMEY4wIdAF8A==",
      "license": "MIT",
      "engines": {
        "node": ">= 0.6.0"
      }
    },
    "node_modules/sade": {
      "version": "1.8.1",
      "resolved": "https://registry.npmjs.org/sade/-/sade-1.8.1.tgz",
      "integrity": "sha512-xal3CZX1Xlo/k4ApwCFrHVACi9fBqJ7V+mwhBsuf/1IOKbBy098Fex+Wa/5QMubw09pSZ/u8EY8PWgevJsXp1A==",
      "dev": true,
      "license": "MIT",
      "dependencies": {
        "mri": "^1.1.0"
      },
      "engines": {
        "node": ">=6"
      }
    },
    "node_modules/util": {
      "version": "0.10.4",
      "resolved": "https://registry.npmjs.org/util/-/util-0.10.4.tgz",
      "integrity": "sha512-0Pm9hTQ3se5ll1XihRic3FDIku70C+iHUdT/W926rSgHV5QgXsYbKZN8MSC3tJtSkhuROzvsQjAaFENRXr+19A==",
      "license": "MIT",
      "dependencies": {
        "inherits": "2.0.3"
      }
    },
    "node_modules/uvu": {
      "version": "0.5.6",
      "resolved": "https://registry.npmjs.org/uvu/-/uvu-0.5.6.tgz",
      "integrity": "sha512-+g8ENReyr8YsOc6fv/NVJs2vFdHBnBNdfE49rshrTzDWOlUx4Gq7KOS2GD8eqhy2j+Ejq29+SbKH8yjkAqXqoA==",
      "dev": true,
      "license": "MIT",
      "dependencies": {
        "dequal": "^2.0.0",
        "diff": "^5.0.0",
        "kleur": "^4.0.3",
        "sade": "^1.7.3"
      },
      "bin": {
        "uvu": "bin.js"
      },
      "engines": {
        "node": ">=8"
      }
    },
    "node_modules/uvu/node_modules/kleur": {
      "version": "4.1.5",
      "resolved": "https://registry.npmjs.org/kleur/-/kleur-4.1.5.tgz",
      "integrity": "sha512-o+NO+8WrRiQEE4/7nwRJhN1HWpVmJm511pBHUxPLtp0BUISzlBplORYSmTclCnJvQq2tKu/sgl3xVpkc7ZWuQQ==",
      "dev": true,
      "license": "MIT",
      "engines": {
        "node": ">=6"
      }
    }
  }
}
